// !$*UTF8*$!
{
	archiveVersion = 1;
	classes = {
	};
	objectVersion = 55;
	objects = {

/* Begin PBXBuildFile section */
		5E83A7CD2942595300C85DD0 /* AppDelegate.swift in Sources */ = {isa = PBXBuildFile; fileRef = 5E83A7CC2942595300C85DD0 /* AppDelegate.swift */; };
		5E83A7CF2942595300C85DD0 /* SceneDelegate.swift in Sources */ = {isa = PBXBuildFile; fileRef = 5E83A7CE2942595300C85DD0 /* SceneDelegate.swift */; };
		5E83A7D12942595300C85DD0 /* ViewController.swift in Sources */ = {isa = PBXBuildFile; fileRef = 5E83A7D02942595300C85DD0 /* ViewController.swift */; };
		5E83A7D62942595500C85DD0 /* Assets.xcassets in Resources */ = {isa = PBXBuildFile; fileRef = 5E83A7D52942595500C85DD0 /* Assets.xcassets */; };
		5E83A7D92942595500C85DD0 /* LaunchScreen.storyboard in Resources */ = {isa = PBXBuildFile; fileRef = 5E83A7D72942595500C85DD0 /* LaunchScreen.storyboard */; };
		5E83A7E229425AB300C85DD0 /* MainImageView.swift in Sources */ = {isa = PBXBuildFile; fileRef = 5E83A7E129425AB300C85DD0 /* MainImageView.swift */; };
		5E83A7E529425BE100C85DD0 /* SnapKit in Frameworks */ = {isa = PBXBuildFile; productRef = 5E83A7E429425BE100C85DD0 /* SnapKit */; };
		5E83A7E829425D3400C85DD0 /* CategoryCollectionView.swift in Sources */ = {isa = PBXBuildFile; fileRef = 5E83A7E729425D3400C85DD0 /* CategoryCollectionView.swift */; };
		5E83A7EA29425EEB00C85DD0 /* CategoryMenuViewCell.swift in Sources */ = {isa = PBXBuildFile; fileRef = 5E83A7E929425EEB00C85DD0 /* CategoryMenuViewCell.swift */; };
		5ED53CC0294C607900A27763 /* BannerCollectionViewCell.swift in Sources */ = {isa = PBXBuildFile; fileRef = 5ED53CBF294C607900A27763 /* BannerCollectionViewCell.swift */; };
		5ED53CC3294C659700A27763 /* ReuseIdentifier.swift in Sources */ = {isa = PBXBuildFile; fileRef = 5ED53CC2294C659700A27763 /* ReuseIdentifier.swift */; };
		5ED53CC6294C75E800A27763 /* BannerData.swift in Sources */ = {isa = PBXBuildFile; fileRef = 5ED53CC5294C75E800A27763 /* BannerData.swift */; };
/* End PBXBuildFile section */

/* Begin PBXFileReference section */
		5E83A7C92942595300C85DD0 /* WomanMarket.app */ = {isa = PBXFileReference; explicitFileType = wrapper.application; includeInIndex = 0; path = WomanMarket.app; sourceTree = BUILT_PRODUCTS_DIR; };
		5E83A7CC2942595300C85DD0 /* AppDelegate.swift */ = {isa = PBXFileReference; lastKnownFileType = sourcecode.swift; path = AppDelegate.swift; sourceTree = "<group>"; };
		5E83A7CE2942595300C85DD0 /* SceneDelegate.swift */ = {isa = PBXFileReference; lastKnownFileType = sourcecode.swift; path = SceneDelegate.swift; sourceTree = "<group>"; };
		5E83A7D02942595300C85DD0 /* ViewController.swift */ = {isa = PBXFileReference; lastKnownFileType = sourcecode.swift; path = ViewController.swift; sourceTree = "<group>"; };
		5E83A7D52942595500C85DD0 /* Assets.xcassets */ = {isa = PBXFileReference; lastKnownFileType = folder.assetcatalog; path = Assets.xcassets; sourceTree = "<group>"; };
		5E83A7D82942595500C85DD0 /* Base */ = {isa = PBXFileReference; lastKnownFileType = file.storyboard; name = Base; path = Base.lproj/LaunchScreen.storyboard; sourceTree = "<group>"; };
		5E83A7DA2942595500C85DD0 /* Info.plist */ = {isa = PBXFileReference; lastKnownFileType = text.plist.xml; path = Info.plist; sourceTree = "<group>"; };
		5E83A7E129425AB300C85DD0 /* MainImageView.swift */ = {isa = PBXFileReference; lastKnownFileType = sourcecode.swift; path = MainImageView.swift; sourceTree = "<group>"; };
		5E83A7E729425D3400C85DD0 /* CategoryCollectionView.swift */ = {isa = PBXFileReference; lastKnownFileType = sourcecode.swift; path = CategoryCollectionView.swift; sourceTree = "<group>"; };
		5E83A7E929425EEB00C85DD0 /* CategoryMenuViewCell.swift */ = {isa = PBXFileReference; lastKnownFileType = sourcecode.swift; path = CategoryMenuViewCell.swift; sourceTree = "<group>"; };
		5ED53CBF294C607900A27763 /* BannerCollectionViewCell.swift */ = {isa = PBXFileReference; lastKnownFileType = sourcecode.swift; path = BannerCollectionViewCell.swift; sourceTree = "<group>"; };
		5ED53CC2294C659700A27763 /* ReuseIdentifier.swift */ = {isa = PBXFileReference; lastKnownFileType = sourcecode.swift; path = ReuseIdentifier.swift; sourceTree = "<group>"; };
		5ED53CC5294C75E800A27763 /* BannerData.swift */ = {isa = PBXFileReference; lastKnownFileType = sourcecode.swift; path = BannerData.swift; sourceTree = "<group>"; };
/* End PBXFileReference section */

/* Begin PBXFrameworksBuildPhase section */
		5E83A7C62942595300C85DD0 /* Frameworks */ = {
			isa = PBXFrameworksBuildPhase;
			buildActionMask = 2147483647;
			files = (
				5E83A7E529425BE100C85DD0 /* SnapKit in Frameworks */,
			);
			runOnlyForDeploymentPostprocessing = 0;
		};
/* End PBXFrameworksBuildPhase section */

/* Begin PBXGroup section */
		5E83A7C02942595300C85DD0 = {
			isa = PBXGroup;
			children = (
				5E83A7CB2942595300C85DD0 /* WomanMarket */,
				5E83A7CA2942595300C85DD0 /* Products */,
			);
			sourceTree = "<group>";
		};
		5E83A7CA2942595300C85DD0 /* Products */ = {
			isa = PBXGroup;
			children = (
				5E83A7C92942595300C85DD0 /* WomanMarket.app */,
			);
			name = Products;
			sourceTree = "<group>";
		};
		5E83A7CB2942595300C85DD0 /* WomanMarket */ = {
			isa = PBXGroup;
			children = (
				5ED53CC4294C75DB00A27763 /* Data */,
				5E83A7E629425D1300C85DD0 /* Views */,
				5E83A7CC2942595300C85DD0 /* AppDelegate.swift */,
				5E83A7CE2942595300C85DD0 /* SceneDelegate.swift */,
				5E83A7E029425A9100C85DD0 /* Cells */,
				5ED53CC1294C655A00A27763 /* Helper */,
				5E83A7D52942595500C85DD0 /* Assets.xcassets */,
				5E83A7D72942595500C85DD0 /* LaunchScreen.storyboard */,
				5E83A7DA2942595500C85DD0 /* Info.plist */,
			);
			path = WomanMarket;
			sourceTree = "<group>";
		};
		5E83A7E029425A9100C85DD0 /* Cells */ = {
			isa = PBXGroup;
			children = (
				5ED53CBE294C604500A27763 /* BannerCell */,
				5ED53CBD294C601C00A27763 /* CategoryCell */,
			);
			path = Cells;
			sourceTree = "<group>";
		};
		5E83A7E629425D1300C85DD0 /* Views */ = {
			isa = PBXGroup;
			children = (
				5E83A7D02942595300C85DD0 /* ViewController.swift */,
				5E83A7E729425D3400C85DD0 /* CategoryCollectionView.swift */,
				5E83A7E129425AB300C85DD0 /* MainImageView.swift */,
			);
			path = Views;
			sourceTree = "<group>";
		};
		5ED53CBD294C601C00A27763 /* CategoryCell */ = {
			isa = PBXGroup;
			children = (
				5E83A7E929425EEB00C85DD0 /* CategoryMenuViewCell.swift */,
			);
			path = CategoryCell;
			sourceTree = "<group>";
		};
		5ED53CBE294C604500A27763 /* BannerCell */ = {
			isa = PBXGroup;
			children = (
				5ED53CBF294C607900A27763 /* BannerCollectionViewCell.swift */,
			);
			path = BannerCell;
			sourceTree = "<group>";
		};
		5ED53CC1294C655A00A27763 /* Helper */ = {
			isa = PBXGroup;
			children = (
				5ED53CC2294C659700A27763 /* ReuseIdentifier.swift */,
			);
			path = Helper;
			sourceTree = "<group>";
		};
		5ED53CC4294C75DB00A27763 /* Data */ = {
			isa = PBXGroup;
			children = (
				5ED53CC5294C75E800A27763 /* BannerData.swift */,
			);
			path = Data;
			sourceTree = "<group>";
		};
/* End PBXGroup section */

/* Begin PBXNativeTarget section */
		5E83A7C82942595300C85DD0 /* WomanMarket */ = {
			isa = PBXNativeTarget;
			buildConfigurationList = 5E83A7DD2942595500C85DD0 /* Build configuration list for PBXNativeTarget "WomanMarket" */;
			buildPhases = (
				5E83A7C52942595300C85DD0 /* Sources */,
				5E83A7C62942595300C85DD0 /* Frameworks */,
				5E83A7C72942595300C85DD0 /* Resources */,
			);
			buildRules = (
			);
			dependencies = (
			);
			name = WomanMarket;
			packageProductDependencies = (
				5E83A7E429425BE100C85DD0 /* SnapKit */,
			);
			productName = WomanMarket;
			productReference = 5E83A7C92942595300C85DD0 /* WomanMarket.app */;
			productType = "com.apple.product-type.application";
		};
/* End PBXNativeTarget section */

/* Begin PBXProject section */
		5E83A7C12942595300C85DD0 /* Project object */ = {
			isa = PBXProject;
			attributes = {
				BuildIndependentTargetsInParallel = 1;
				LastSwiftUpdateCheck = 1340;
				LastUpgradeCheck = 1340;
				TargetAttributes = {
					5E83A7C82942595300C85DD0 = {
						CreatedOnToolsVersion = 13.4;
					};
				};
			};
			buildConfigurationList = 5E83A7C42942595300C85DD0 /* Build configuration list for PBXProject "WomanMarket" */;
			compatibilityVersion = "Xcode 13.0";
			developmentRegion = en;
			hasScannedForEncodings = 0;
			knownRegions = (
				en,
				Base,
			);
			mainGroup = 5E83A7C02942595300C85DD0;
			packageReferences = (
				5E83A7E329425BE100C85DD0 /* XCRemoteSwiftPackageReference "SnapKit" */,
			);
			productRefGroup = 5E83A7CA2942595300C85DD0 /* Products */;
			projectDirPath = "";
			projectRoot = "";
			targets = (
				5E83A7C82942595300C85DD0 /* WomanMarket */,
			);
		};
/* End PBXProject section */

/* Begin PBXResourcesBuildPhase section */
		5E83A7C72942595300C85DD0 /* Resources */ = {
			isa = PBXResourcesBuildPhase;
			buildActionMask = 2147483647;
			files = (
				5E83A7D92942595500C85DD0 /* LaunchScreen.storyboard in Resources */,
				5E83A7D62942595500C85DD0 /* Assets.xcassets in Resources */,
			);
			runOnlyForDeploymentPostprocessing = 0;
		};
/* End PBXResourcesBuildPhase section */

/* Begin PBXSourcesBuildPhase section */
		5E83A7C52942595300C85DD0 /* Sources */ = {
			isa = PBXSourcesBuildPhase;
			buildActionMask = 2147483647;
			files = (
				5E83A7E829425D3400C85DD0 /* CategoryCollectionView.swift in Sources */,
				5ED53CC0294C607900A27763 /* BannerCollectionViewCell.swift in Sources */,
				5ED53CC6294C75E800A27763 /* BannerData.swift in Sources */,
				5E83A7D12942595300C85DD0 /* ViewController.swift in Sources */,
				5E83A7E229425AB300C85DD0 /* MainImageView.swift in Sources */,
				5E83A7CD2942595300C85DD0 /* AppDelegate.swift in Sources */,
				5E83A7CF2942595300C85DD0 /* SceneDelegate.swift in Sources */,
				5E83A7EA29425EEB00C85DD0 /* CategoryMenuViewCell.swift in Sources */,
				5ED53CC3294C659700A27763 /* ReuseIdentifier.swift in Sources */,
			);
			runOnlyForDeploymentPostprocessing = 0;
		};
/* End PBXSourcesBuildPhase section */

/* Begin PBXVariantGroup section */
		5E83A7D72942595500C85DD0 /* LaunchScreen.storyboard */ = {
			isa = PBXVariantGroup;
			children = (
				5E83A7D82942595500C85DD0 /* Base */,
			);
			name = LaunchScreen.storyboard;
			sourceTree = "<group>";
		};
/* End PBXVariantGroup section */

/* Begin XCBuildConfiguration section */
		5E83A7DB2942595500C85DD0 /* Debug */ = {
			isa = XCBuildConfiguration;
			buildSettings = {
				ALWAYS_SEARCH_USER_PATHS = NO;
				CLANG_ANALYZER_NONNULL = YES;
				CLANG_ANALYZER_NUMBER_OBJECT_CONVERSION = YES_AGGRESSIVE;
				CLANG_CXX_LANGUAGE_STANDARD = "gnu++17";
				CLANG_ENABLE_MODULES = YES;
				CLANG_ENABLE_OBJC_ARC = YES;
				CLANG_ENABLE_OBJC_WEAK = YES;
				CLANG_WARN_BLOCK_CAPTURE_AUTORELEASING = YES;
				CLANG_WARN_BOOL_CONVERSION = YES;
				CLANG_WARN_COMMA = YES;
				CLANG_WARN_CONSTANT_CONVERSION = YES;
				CLANG_WARN_DEPRECATED_OBJC_IMPLEMENTATIONS = YES;
				CLANG_WARN_DIRECT_OBJC_ISA_USAGE = YES_ERROR;
				CLANG_WARN_DOCUMENTATION_COMMENTS = YES;
				CLANG_WARN_EMPTY_BODY = YES;
				CLANG_WARN_ENUM_CONVERSION = YES;
				CLANG_WARN_INFINITE_RECURSION = YES;
				CLANG_WARN_INT_CONVERSION = YES;
				CLANG_WARN_NON_LITERAL_NULL_CONVERSION = YES;
				CLANG_WARN_OBJC_IMPLICIT_RETAIN_SELF = YES;
				CLANG_WARN_OBJC_LITERAL_CONVERSION = YES;
				CLANG_WARN_OBJC_ROOT_CLASS = YES_ERROR;
				CLANG_WARN_QUOTED_INCLUDE_IN_FRAMEWORK_HEADER = YES;
				CLANG_WARN_RANGE_LOOP_ANALYSIS = YES;
				CLANG_WARN_STRICT_PROTOTYPES = YES;
				CLANG_WARN_SUSPICIOUS_MOVE = YES;
				CLANG_WARN_UNGUARDED_AVAILABILITY = YES_AGGRESSIVE;
				CLANG_WARN_UNREACHABLE_CODE = YES;
				CLANG_WARN__DUPLICATE_METHOD_MATCH = YES;
				COPY_PHASE_STRIP = NO;
				DEBUG_INFORMATION_FORMAT = dwarf;
				ENABLE_STRICT_OBJC_MSGSEND = YES;
				ENABLE_TESTABILITY = YES;
				GCC_C_LANGUAGE_STANDARD = gnu11;
				GCC_DYNAMIC_NO_PIC = NO;
				GCC_NO_COMMON_BLOCKS = YES;
				GCC_OPTIMIZATION_LEVEL = 0;
				GCC_PREPROCESSOR_DEFINITIONS = (
					"DEBUG=1",
					"$(inherited)",
				);
				GCC_WARN_64_TO_32_BIT_CONVERSION = YES;
				GCC_WARN_ABOUT_RETURN_TYPE = YES_ERROR;
				GCC_WARN_UNDECLARED_SELECTOR = YES;
				GCC_WARN_UNINITIALIZED_AUTOS = YES_AGGRESSIVE;
				GCC_WARN_UNUSED_FUNCTION = YES;
				GCC_WARN_UNUSED_VARIABLE = YES;
				IPHONEOS_DEPLOYMENT_TARGET = 15.5;
				MTL_ENABLE_DEBUG_INFO = INCLUDE_SOURCE;
				MTL_FAST_MATH = YES;
				ONLY_ACTIVE_ARCH = YES;
				SDKROOT = iphoneos;
				SWIFT_ACTIVE_COMPILATION_CONDITIONS = DEBUG;
				SWIFT_OPTIMIZATION_LEVEL = "-Onone";
			};
			name = Debug;
		};
		5E83A7DC2942595500C85DD0 /* Release */ = {
			isa = XCBuildConfiguration;
			buildSettings = {
				ALWAYS_SEARCH_USER_PATHS = NO;
				CLANG_ANALYZER_NONNULL = YES;
				CLANG_ANALYZER_NUMBER_OBJECT_CONVERSION = YES_AGGRESSIVE;
				CLANG_CXX_LANGUAGE_STANDARD = "gnu++17";
				CLANG_ENABLE_MODULES = YES;
				CLANG_ENABLE_OBJC_ARC = YES;
				CLANG_ENABLE_OBJC_WEAK = YES;
				CLANG_WARN_BLOCK_CAPTURE_AUTORELEASING = YES;
				CLANG_WARN_BOOL_CONVERSION = YES;
				CLANG_WARN_COMMA = YES;
				CLANG_WARN_CONSTANT_CONVERSION = YES;
				CLANG_WARN_DEPRECATED_OBJC_IMPLEMENTATIONS = YES;
				CLANG_WARN_DIRECT_OBJC_ISA_USAGE = YES_ERROR;
				CLANG_WARN_DOCUMENTATION_COMMENTS = YES;
				CLANG_WARN_EMPTY_BODY = YES;
				CLANG_WARN_ENUM_CONVERSION = YES;
				CLANG_WARN_INFINITE_RECURSION = YES;
				CLANG_WARN_INT_CONVERSION = YES;
				CLANG_WARN_NON_LITERAL_NULL_CONVERSION = YES;
				CLANG_WARN_OBJC_IMPLICIT_RETAIN_SELF = YES;
				CLANG_WARN_OBJC_LITERAL_CONVERSION = YES;
				CLANG_WARN_OBJC_ROOT_CLASS = YES_ERROR;
				CLANG_WARN_QUOTED_INCLUDE_IN_FRAMEWORK_HEADER = YES;
				CLANG_WARN_RANGE_LOOP_ANALYSIS = YES;
				CLANG_WARN_STRICT_PROTOTYPES = YES;
				CLANG_WARN_SUSPICIOUS_MOVE = YES;
				CLANG_WARN_UNGUARDED_AVAILABILITY = YES_AGGRESSIVE;
				CLANG_WARN_UNREACHABLE_CODE = YES;
				CLANG_WARN__DUPLICATE_METHOD_MATCH = YES;
				COPY_PHASE_STRIP = NO;
				DEBUG_INFORMATION_FORMAT = "dwarf-with-dsym";
				ENABLE_NS_ASSERTIONS = NO;
				ENABLE_STRICT_OBJC_MSGSEND = YES;
				GCC_C_LANGUAGE_STANDARD = gnu11;
				GCC_NO_COMMON_BLOCKS = YES;
				GCC_WARN_64_TO_32_BIT_CONVERSION = YES;
				GCC_WARN_ABOUT_RETURN_TYPE = YES_ERROR;
				GCC_WARN_UNDECLARED_SELECTOR = YES;
				GCC_WARN_UNINITIALIZED_AUTOS = YES_AGGRESSIVE;
				GCC_WARN_UNUSED_FUNCTION = YES;
				GCC_WARN_UNUSED_VARIABLE = YES;
				IPHONEOS_DEPLOYMENT_TARGET = 15.5;
				MTL_ENABLE_DEBUG_INFO = NO;
				MTL_FAST_MATH = YES;
				SDKROOT = iphoneos;
				SWIFT_COMPILATION_MODE = wholemodule;
				SWIFT_OPTIMIZATION_LEVEL = "-O";
				VALIDATE_PRODUCT = YES;
			};
			name = Release;
		};
		5E83A7DE2942595500C85DD0 /* Debug */ = {
			isa = XCBuildConfiguration;
			buildSettings = {
				ASSETCATALOG_COMPILER_APPICON_NAME = AppIcon;
				ASSETCATALOG_COMPILER_GLOBAL_ACCENT_COLOR_NAME = AccentColor;
				CODE_SIGN_STYLE = Automatic;
				CURRENT_PROJECT_VERSION = 1;
				DEVELOPMENT_TEAM = 87SSGGH7S6;
				GENERATE_INFOPLIST_FILE = YES;
				INFOPLIST_FILE = WomanMarket/Info.plist;
				INFOPLIST_KEY_UIApplicationSupportsIndirectInputEvents = YES;
				INFOPLIST_KEY_UILaunchStoryboardName = LaunchScreen;
				INFOPLIST_KEY_UISupportedInterfaceOrientations_iPad = "UIInterfaceOrientationPortrait UIInterfaceOrientationPortraitUpsideDown UIInterfaceOrientationLandscapeLeft UIInterfaceOrientationLandscapeRight";
				INFOPLIST_KEY_UISupportedInterfaceOrientations_iPhone = "UIInterfaceOrientationPortrait UIInterfaceOrientationLandscapeLeft UIInterfaceOrientationLandscapeRight";
				LD_RUNPATH_SEARCH_PATHS = (
					"$(inherited)",
					"@executable_path/Frameworks",
				);
				MARKETING_VERSION = 1.0;
				PRODUCT_BUNDLE_IDENTIFIER = "Anuar-Orazbekov.WomanMarket";
				PRODUCT_NAME = "$(TARGET_NAME)";
				SWIFT_EMIT_LOC_STRINGS = YES;
				SWIFT_VERSION = 5.0;
				TARGETED_DEVICE_FAMILY = "1,2";
			};
			name = Debug;
		};
		5E83A7DF2942595500C85DD0 /* Release */ = {
			isa = XCBuildConfiguration;
			buildSettings = {
				ASSETCATALOG_COMPILER_APPICON_NAME = AppIcon;
				ASSETCATALOG_COMPILER_GLOBAL_ACCENT_COLOR_NAME = AccentColor;
				CODE_SIGN_STYLE = Automatic;
				CURRENT_PROJECT_VERSION = 1;
				DEVELOPMENT_TEAM = 87SSGGH7S6;
				GENERATE_INFOPLIST_FILE = YES;
				INFOPLIST_FILE = WomanMarket/Info.plist;
				INFOPLIST_KEY_UIApplicationSupportsIndirectInputEvents = YES;
				INFOPLIST_KEY_UILaunchStoryboardName = LaunchScreen;
				INFOPLIST_KEY_UISupportedInterfaceOrientations_iPad = "UIInterfaceOrientationPortrait UIInterfaceOrientationPortraitUpsideDown UIInterfaceOrientationLandscapeLeft UIInterfaceOrientationLandscapeRight";
				INFOPLIST_KEY_UISupportedInterfaceOrientations_iPhone = "UIInterfaceOrientationPortrait UIInterfaceOrientationLandscapeLeft UIInterfaceOrientationLandscapeRight";
				LD_RUNPATH_SEARCH_PATHS = (
					"$(inherited)",
					"@executable_path/Frameworks",
				);
				MARKETING_VERSION = 1.0;
				PRODUCT_BUNDLE_IDENTIFIER = "Anuar-Orazbekov.WomanMarket";
				PRODUCT_NAME = "$(TARGET_NAME)";
				SWIFT_EMIT_LOC_STRINGS = YES;
				SWIFT_VERSION = 5.0;
				TARGETED_DEVICE_FAMILY = "1,2";
			};
			name = Release;
		};
/* End XCBuildConfiguration section */

/* Begin XCConfigurationList section */
		5E83A7C42942595300C85DD0 /* Build configuration list for PBXProject "WomanMarket" */ = {
			isa = XCConfigurationList;
			buildConfigurations = (
				5E83A7DB2942595500C85DD0 /* Debug */,
				5E83A7DC2942595500C85DD0 /* Release */,
			);
			defaultConfigurationIsVisible = 0;
			defaultConfigurationName = Release;
		};
		5E83A7DD2942595500C85DD0 /* Build configuration list for PBXNativeTarget "WomanMarket" */ = {
			isa = XCConfigurationList;
			buildConfigurations = (
				5E83A7DE2942595500C85DD0 /* Debug */,
				5E83A7DF2942595500C85DD0 /* Release */,
			);
			defaultConfigurationIsVisible = 0;
			defaultConfigurationName = Release;
		};
/* End XCConfigurationList section */

/* Begin XCRemoteSwiftPackageReference section */
		5E83A7E329425BE100C85DD0 /* XCRemoteSwiftPackageReference "SnapKit" */ = {
			isa = XCRemoteSwiftPackageReference;
			repositoryURL = "https://github.com/SnapKit/SnapKit";
			requirement = {
				branch = develop;
				kind = branch;
			};
		};
/* End XCRemoteSwiftPackageReference section */

/* Begin XCSwiftPackageProductDependency section */
		5E83A7E429425BE100C85DD0 /* SnapKit */ = {
			isa = XCSwiftPackageProductDependency;
			package = 5E83A7E329425BE100C85DD0 /* XCRemoteSwiftPackageReference "SnapKit" */;
			productName = SnapKit;
		};
/* End XCSwiftPackageProductDependency section */
	};
	rootObject = 5E83A7C12942595300C85DD0 /* Project object */;
}
